
Microsoft Visual Studio Solution File, Format Version 10.00
# Visual Studio 2008
Project("{FAE04EC0-301F-11D3-BF4B-00C04F79EFBC}") = "katapol-project", "katapol-project\katapol-project.csproj", "{834F0E58-0513-4912-98FC-95AD48AA7F18}"
EndProject
Global
	GlobalSection(SolutionConfigurationPlatforms) = preSolution
		Debug|Any CPU = Debug|Any CPU
		Release|Any CPU = Release|Any CPU
	EndGlobalSection
	GlobalSection(ProjectConfigurationPlatforms) = postSolution
		{834F0E58-0513-4912-98FC-95AD48AA7F18}.Debug|Any CPU.ActiveCfg = Debug|Any CPU
		{834F0E58-0513-4912-98FC-95AD48AA7F18}.Debug|Any CPU.Build.0 = Debug|Any CPU
		{834F0E58-0513-4912-98FC-95AD48AA7F18}.Release|Any CPU.ActiveCfg = Release|Any CPU
		{834F0E58-0513-4912-98FC-95AD48AA7F18}.Release|Any CPU.Build.0 = Release|Any CPU
	EndGlobalSection
	GlobalSection(SolutionProperties) = preSolution
		HideSolutionNode = FALSE
	EndGlobalSection
EndGlobal
